
Microsoft Visual Studio Solution File, Format Version 12.00
# Visual Studio Version 17
VisualStudioVersion = 17.14.36414.22 d17.14
MinimumVisualStudioVersion = 10.0.40219.1
Project("{FAE04EC0-301F-11D3-BF4B-00C04F79EFBC}") = "Activity6-PasswordSetterWithEncryption", "Activity6-PasswordSetterWithEncryption\Activity6-PasswordSetterWithEncryption.csproj", "{974C705C-5E93-4F9B-9566-CBCB0AD12C19}"
EndProject
Global
	GlobalSection(SolutionConfigurationPlatforms) = preSolution
		Debug|Any CPU = Debug|Any CPU
		Release|Any CPU = Release|Any CPU
	EndGlobalSection
	GlobalSection(ProjectConfigurationPlatforms) = postSolution
		{974C705C-5E93-4F9B-9566-CBCB0AD12C19}.Debug|Any CPU.ActiveCfg = Debug|Any CPU
		{974C705C-5E93-4F9B-9566-CBCB0AD12C19}.Debug|Any CPU.Build.0 = Debug|Any CPU
		{974C705C-5E93-4F9B-9566-CBCB0AD12C19}.Release|Any CPU.ActiveCfg = Release|Any CPU
		{974C705C-5E93-4F9B-9566-CBCB0AD12C19}.Release|Any CPU.Build.0 = Release|Any CPU
	EndGlobalSection
	GlobalSection(SolutionProperties) = preSolution
		HideSolutionNode = FALSE
	EndGlobalSection
	GlobalSection(ExtensibilityGlobals) = postSolution
		SolutionGuid = {350B763A-EFE1-4724-B6FD-05F1D40549A5}
	EndGlobalSection
EndGlobal
